
Microsoft Visual Studio Solution File, Format Version 12.00
# Visual Studio Version 17
VisualStudioVersion = 17.8.34316.72
MinimumVisualStudioVersion = 10.0.40219.1
Project("{9A19103F-16F7-4668-BE54-9A1E7A4F7556}") = "DAY01", "DAY01.csproj", "{767754F0-DE85-4910-80F7-0BC521369229}"
EndProject
Global
	GlobalSection(SolutionConfigurationPlatforms) = preSolution
		Debug|Any CPU = Debug|Any CPU
		Release|Any CPU = Release|Any CPU
	EndGlobalSection
	GlobalSection(ProjectConfigurationPlatforms) = postSolution
		{767754F0-DE85-4910-80F7-0BC521369229}.Debug|Any CPU.ActiveCfg = Debug|Any CPU
		{767754F0-DE85-4910-80F7-0BC521369229}.Debug|Any CPU.Build.0 = Debug|Any CPU
		{767754F0-DE85-4910-80F7-0BC521369229}.Release|Any CPU.ActiveCfg = Release|Any CPU
		{767754F0-DE85-4910-80F7-0BC521369229}.Release|Any CPU.Build.0 = Release|Any CPU
	EndGlobalSection
	GlobalSection(SolutionProperties) = preSolution
		HideSolutionNode = FALSE
	EndGlobalSection
	GlobalSection(ExtensibilityGlobals) = postSolution
		SolutionGuid = {AC8005BA-181C-4D86-871D-96C5FB1032E1}
	EndGlobalSection
EndGlobal
